// !$*UTF8*$!
{
	archiveVersion = 1;
	classes = {
	};
	objectVersion = 55;
	objects = {

/* Begin PBXBuildFile section */
		A35CD537287819BF0035A652 /* Renderer.cpp in Sources */ = {isa = PBXBuildFile; fileRef = A35CD535287819BF0035A652 /* Renderer.cpp */; };
		A35CD53A28781DCE0035A652 /* VertexBuffer.cpp in Sources */ = {isa = PBXBuildFile; fileRef = A35CD53828781DCE0035A652 /* VertexBuffer.cpp */; };
		A35CD53D28782DCC0035A652 /* IndexBuffer.cpp in Sources */ = {isa = PBXBuildFile; fileRef = A35CD53B28782DCC0035A652 /* IndexBuffer.cpp */; };
		A3B480552892F39500A6AFEF /* CameraClass.cpp in Sources */ = {isa = PBXBuildFile; fileRef = A3B480532892F39500A6AFEF /* CameraClass.cpp */; };
		A3EC94FA2854B4D800441296 /* main.cpp in Sources */ = {isa = PBXBuildFile; fileRef = A3EC94F92854B4D800441296 /* main.cpp */; };
		A3EC951C285524E000441296 /* WindowManager.cpp in Sources */ = {isa = PBXBuildFile; fileRef = A3EC951A285524E000441296 /* WindowManager.cpp */; };
		A3EC951F2855254500441296 /* Shader.cpp in Sources */ = {isa = PBXBuildFile; fileRef = A3EC951D2855254500441296 /* Shader.cpp */; };
		A3EC95412856234800441296 /* glad.c in Sources */ = {isa = PBXBuildFile; fileRef = A3EC95402856234800441296 /* glad.c */; };
		A3EC955428563FF500441296 /* libglfw.3.dylib in Frameworks */ = {isa = PBXBuildFile; fileRef = A3EC955328563FF500441296 /* libglfw.3.dylib */; };
		A3EC955528563FF500441296 /* libglfw.3.dylib in Embed Libraries */ = {isa = PBXBuildFile; fileRef = A3EC955328563FF500441296 /* libglfw.3.dylib */; settings = {ATTRIBUTES = (CodeSignOnCopy, ); }; };
/* End PBXBuildFile section */

/* Begin PBXCopyFilesBuildPhase section */
		A3EC94F42854B4D800441296 /* CopyFiles */ = {
			isa = PBXCopyFilesBuildPhase;
			buildActionMask = 2147483647;
			dstPath = /usr/share/man/man1/;
			dstSubfolderSpec = 0;
			files = (
			);
			runOnlyForDeploymentPostprocessing = 1;
		};
		A3EC955628563FF500441296 /* Embed Libraries */ = {
			isa = PBXCopyFilesBuildPhase;
			buildActionMask = 2147483647;
			dstPath = "";
			dstSubfolderSpec = 10;
			files = (
				A3EC955528563FF500441296 /* libglfw.3.dylib in Embed Libraries */,
			);
			name = "Embed Libraries";
			runOnlyForDeploymentPostprocessing = 0;
		};
/* End PBXCopyFilesBuildPhase section */

/* Begin PBXFileReference section */
		A35CD5342858F8560035A652 /* stb_img.h */ = {isa = PBXFileReference; fileEncoding = 4; lastKnownFileType = sourcecode.c.h; path = stb_img.h; sourceTree = "<group>"; };
		A35CD535287819BF0035A652 /* Renderer.cpp */ = {isa = PBXFileReference; lastKnownFileType = sourcecode.cpp.cpp; path = Renderer.cpp; sourceTree = "<group>"; };
		A35CD536287819BF0035A652 /* Renderer.hpp */ = {isa = PBXFileReference; lastKnownFileType = sourcecode.cpp.h; path = Renderer.hpp; sourceTree = "<group>"; };
		A35CD53828781DCE0035A652 /* VertexBuffer.cpp */ = {isa = PBXFileReference; lastKnownFileType = sourcecode.cpp.cpp; path = VertexBuffer.cpp; sourceTree = "<group>"; };
		A35CD53928781DCE0035A652 /* VertexBuffer.hpp */ = {isa = PBXFileReference; lastKnownFileType = sourcecode.cpp.h; path = VertexBuffer.hpp; sourceTree = "<group>"; };
		A35CD53B28782DCC0035A652 /* IndexBuffer.cpp */ = {isa = PBXFileReference; lastKnownFileType = sourcecode.cpp.cpp; path = IndexBuffer.cpp; sourceTree = "<group>"; };
		A35CD53C28782DCC0035A652 /* IndexBuffer.hpp */ = {isa = PBXFileReference; lastKnownFileType = sourcecode.cpp.h; path = IndexBuffer.hpp; sourceTree = "<group>"; };
		A3B480532892F39500A6AFEF /* CameraClass.cpp */ = {isa = PBXFileReference; lastKnownFileType = sourcecode.cpp.cpp; path = CameraClass.cpp; sourceTree = "<group>"; };
		A3B480542892F39500A6AFEF /* CameraClass.hpp */ = {isa = PBXFileReference; lastKnownFileType = sourcecode.cpp.h; path = CameraClass.hpp; sourceTree = "<group>"; };
		A3EC94F62854B4D800441296 /* OpenGLAirCinema */ = {isa = PBXFileReference; explicitFileType = "compiled.mach-o.executable"; includeInIndex = 0; path = OpenGLAirCinema; sourceTree = BUILT_PRODUCTS_DIR; };
		A3EC94F92854B4D800441296 /* main.cpp */ = {isa = PBXFileReference; lastKnownFileType = sourcecode.cpp.cpp; path = main.cpp; sourceTree = "<group>"; };
		A3EC951A285524E000441296 /* WindowManager.cpp */ = {isa = PBXFileReference; lastKnownFileType = sourcecode.cpp.cpp; path = WindowManager.cpp; sourceTree = "<group>"; };
		A3EC951B285524E000441296 /* WindowManager.hpp */ = {isa = PBXFileReference; lastKnownFileType = sourcecode.cpp.h; path = WindowManager.hpp; sourceTree = "<group>"; };
		A3EC951D2855254500441296 /* Shader.cpp */ = {isa = PBXFileReference; lastKnownFileType = sourcecode.cpp.cpp; path = Shader.cpp; sourceTree = "<group>"; };
		A3EC951E2855254500441296 /* Shader.hpp */ = {isa = PBXFileReference; lastKnownFileType = sourcecode.cpp.h; path = Shader.hpp; sourceTree = "<group>"; };
		A3EC95402856234800441296 /* glad.c */ = {isa = PBXFileReference; fileEncoding = 4; lastKnownFileType = sourcecode.c.c; path = glad.c; sourceTree = "<group>"; };
		A3EC955328563FF500441296 /* libglfw.3.dylib */ = {isa = PBXFileReference; lastKnownFileType = "compiled.mach-o.dylib"; name = libglfw.3.dylib; path = ../../../../usr/local/lib/libglfw.3.dylib; sourceTree = "<group>"; };
		A3EC9557285679AE00441296 /* fragmentShader.fs */ = {isa = PBXFileReference; lastKnownFileType = sourcecode.glsl; path = fragmentShader.fs; sourceTree = "<group>"; };
		A3EC9558285679D100441296 /* vertexShader.vs */ = {isa = PBXFileReference; lastKnownFileType = sourcecode.glsl; path = vertexShader.vs; sourceTree = "<group>"; };
/* End PBXFileReference section */

/* Begin PBXFrameworksBuildPhase section */
		A3EC950B2854CCA200441296 /* Frameworks */ = {
			isa = PBXFrameworksBuildPhase;
			buildActionMask = 2147483647;
			files = (
				A3EC955428563FF500441296 /* libglfw.3.dylib in Frameworks */,
			);
			runOnlyForDeploymentPostprocessing = 0;
		};
/* End PBXFrameworksBuildPhase section */

/* Begin PBXGroup section */
		A3EC94ED2854B4D800441296 = {
			isa = PBXGroup;
			children = (
				A3EC94F82854B4D800441296 /* OpenGLAirCinema */,
				A3EC94F72854B4D800441296 /* Products */,
				A3EC95002854B64800441296 /* Frameworks */,
			);
			sourceTree = "<group>";
		};
		A3EC94F72854B4D800441296 /* Products */ = {
			isa = PBXGroup;
			children = (
				A3EC94F62854B4D800441296 /* OpenGLAirCinema */,
			);
			name = Products;
			sourceTree = "<group>";
		};
		A3EC94F82854B4D800441296 /* OpenGLAirCinema */ = {
			isa = PBXGroup;
			children = (
				A35CD5342858F8560035A652 /* stb_img.h */,
				A3EC95402856234800441296 /* glad.c */,
				A3EC94F92854B4D800441296 /* main.cpp */,
				A3EC951A285524E000441296 /* WindowManager.cpp */,
				A3EC951B285524E000441296 /* WindowManager.hpp */,
				A3EC951D2855254500441296 /* Shader.cpp */,
				A3EC951E2855254500441296 /* Shader.hpp */,
				A3EC9557285679AE00441296 /* fragmentShader.fs */,
				A3EC9558285679D100441296 /* vertexShader.vs */,
				A35CD535287819BF0035A652 /* Renderer.cpp */,
				A35CD536287819BF0035A652 /* Renderer.hpp */,
				A35CD53828781DCE0035A652 /* VertexBuffer.cpp */,
				A35CD53928781DCE0035A652 /* VertexBuffer.hpp */,
				A35CD53B28782DCC0035A652 /* IndexBuffer.cpp */,
				A35CD53C28782DCC0035A652 /* IndexBuffer.hpp */,
				A3B480532892F39500A6AFEF /* CameraClass.cpp */,
				A3B480542892F39500A6AFEF /* CameraClass.hpp */,
			);
			path = OpenGLAirCinema;
			sourceTree = "<group>";
		};
		A3EC95002854B64800441296 /* Frameworks */ = {
			isa = PBXGroup;
			children = (
				A3EC955328563FF500441296 /* libglfw.3.dylib */,
			);
			name = Frameworks;
			sourceTree = "<group>";
		};
/* End PBXGroup section */

/* Begin PBXNativeTarget section */
		A3EC94F52854B4D800441296 /* OpenGLAirCinema */ = {
			isa = PBXNativeTarget;
			buildConfigurationList = A3EC94FD2854B4D800441296 /* Build configuration list for PBXNativeTarget "OpenGLAirCinema" */;
			buildPhases = (
				A3EC94F22854B4D800441296 /* Sources */,
				A3EC950B2854CCA200441296 /* Frameworks */,
				A3EC94F42854B4D800441296 /* CopyFiles */,
				A3EC955628563FF500441296 /* Embed Libraries */,
			);
			buildRules = (
			);
			dependencies = (
			);
			name = OpenGLAirCinema;
			productName = OpenGLAirCinema;
			productReference = A3EC94F62854B4D800441296 /* OpenGLAirCinema */;
			productType = "com.apple.product-type.tool";
		};
/* End PBXNativeTarget section */

/* Begin PBXProject section */
		A3EC94EE2854B4D800441296 /* Project object */ = {
			isa = PBXProject;
			attributes = {
				BuildIndependentTargetsInParallel = 1;
				LastUpgradeCheck = 1340;
				TargetAttributes = {
					A3EC94F52854B4D800441296 = {
						CreatedOnToolsVersion = 13.4.1;
					};
				};
			};
			buildConfigurationList = A3EC94F12854B4D800441296 /* Build configuration list for PBXProject "OpenGLAirCinema" */;
			compatibilityVersion = "Xcode 13.0";
			developmentRegion = en;
			hasScannedForEncodings = 0;
			knownRegions = (
				en,
				Base,
			);
			mainGroup = A3EC94ED2854B4D800441296;
			productRefGroup = A3EC94F72854B4D800441296 /* Products */;
			projectDirPath = "";
			projectRoot = "";
			targets = (
				A3EC94F52854B4D800441296 /* OpenGLAirCinema */,
			);
		};
/* End PBXProject section */

/* Begin PBXSourcesBuildPhase section */
		A3EC94F22854B4D800441296 /* Sources */ = {
			isa = PBXSourcesBuildPhase;
			buildActionMask = 2147483647;
			files = (
				A3EC94FA2854B4D800441296 /* main.cpp in Sources */,
				A35CD537287819BF0035A652 /* Renderer.cpp in Sources */,
				A3EC951F2855254500441296 /* Shader.cpp in Sources */,
				A3EC951C285524E000441296 /* WindowManager.cpp in Sources */,
				A35CD53D28782DCC0035A652 /* IndexBuffer.cpp in Sources */,
				A3EC95412856234800441296 /* glad.c in Sources */,
				A35CD53A28781DCE0035A652 /* VertexBuffer.cpp in Sources */,
				A3B480552892F39500A6AFEF /* CameraClass.cpp in Sources */,
			);
			runOnlyForDeploymentPostprocessing = 0;
		};
/* End PBXSourcesBuildPhase section */

/* Begin XCBuildConfiguration section */
		A3EC94FB2854B4D800441296 /* Debug */ = {
			isa = XCBuildConfiguration;
			buildSettings = {
				ALWAYS_SEARCH_USER_PATHS = NO;
				CLANG_ANALYZER_NONNULL = YES;
				CLANG_ANALYZER_NUMBER_OBJECT_CONVERSION = YES_AGGRESSIVE;
				CLANG_CXX_LANGUAGE_STANDARD = "gnu++17";
				CLANG_ENABLE_MODULES = YES;
				CLANG_ENABLE_OBJC_ARC = YES;
				CLANG_ENABLE_OBJC_WEAK = YES;
				CLANG_WARN_BLOCK_CAPTURE_AUTORELEASING = YES;
				CLANG_WARN_BOOL_CONVERSION = YES;
				CLANG_WARN_COMMA = YES;
				CLANG_WARN_CONSTANT_CONVERSION = YES;
				CLANG_WARN_DEPRECATED_OBJC_IMPLEMENTATIONS = YES;
				CLANG_WARN_DIRECT_OBJC_ISA_USAGE = YES_ERROR;
				CLANG_WARN_DOCUMENTATION_COMMENTS = YES;
				CLANG_WARN_EMPTY_BODY = YES;
				CLANG_WARN_ENUM_CONVERSION = YES;
				CLANG_WARN_INFINITE_RECURSION = YES;
				CLANG_WARN_INT_CONVERSION = YES;
				CLANG_WARN_NON_LITERAL_NULL_CONVERSION = YES;
				CLANG_WARN_OBJC_IMPLICIT_RETAIN_SELF = YES;
				CLANG_WARN_OBJC_LITERAL_CONVERSION = YES;
				CLANG_WARN_OBJC_ROOT_CLASS = YES_ERROR;
				CLANG_WARN_QUOTED_INCLUDE_IN_FRAMEWORK_HEADER = YES;
				CLANG_WARN_RANGE_LOOP_ANALYSIS = YES;
				CLANG_WARN_STRICT_PROTOTYPES = YES;
				CLANG_WARN_SUSPICIOUS_MOVE = YES;
				CLANG_WARN_UNGUARDED_AVAILABILITY = YES_AGGRESSIVE;
				CLANG_WARN_UNREACHABLE_CODE = YES;
				CLANG_WARN__DUPLICATE_METHOD_MATCH = YES;
				COPY_PHASE_STRIP = NO;
				DEBUG_INFORMATION_FORMAT = dwarf;
				ENABLE_STRICT_OBJC_MSGSEND = YES;
				ENABLE_TESTABILITY = YES;
				GCC_C_LANGUAGE_STANDARD = gnu11;
				GCC_DYNAMIC_NO_PIC = NO;
				GCC_NO_COMMON_BLOCKS = YES;
				GCC_OPTIMIZATION_LEVEL = 0;
				GCC_PREPROCESSOR_DEFINITIONS = (
					"DEBUG=1",
					"$(inherited)",
				);
				GCC_WARN_64_TO_32_BIT_CONVERSION = YES;
				GCC_WARN_ABOUT_RETURN_TYPE = YES_ERROR;
				GCC_WARN_UNDECLARED_SELECTOR = YES;
				GCC_WARN_UNINITIALIZED_AUTOS = YES_AGGRESSIVE;
				GCC_WARN_UNUSED_FUNCTION = YES;
				GCC_WARN_UNUSED_VARIABLE = YES;
				MACOSX_DEPLOYMENT_TARGET = 12.2;
				MTL_ENABLE_DEBUG_INFO = INCLUDE_SOURCE;
				MTL_FAST_MATH = YES;
				ONLY_ACTIVE_ARCH = YES;
				SDKROOT = macosx;
			};
			name = Debug;
		};
		A3EC94FC2854B4D800441296 /* Release */ = {
			isa = XCBuildConfiguration;
			buildSettings = {
				ALWAYS_SEARCH_USER_PATHS = NO;
				CLANG_ANALYZER_NONNULL = YES;
				CLANG_ANALYZER_NUMBER_OBJECT_CONVERSION = YES_AGGRESSIVE;
				CLANG_CXX_LANGUAGE_STANDARD = "gnu++17";
				CLANG_ENABLE_MODULES = YES;
				CLANG_ENABLE_OBJC_ARC = YES;
				CLANG_ENABLE_OBJC_WEAK = YES;
				CLANG_WARN_BLOCK_CAPTURE_AUTORELEASING = YES;
				CLANG_WARN_BOOL_CONVERSION = YES;
				CLANG_WARN_COMMA = YES;
				CLANG_WARN_CONSTANT_CONVERSION = YES;
				CLANG_WARN_DEPRECATED_OBJC_IMPLEMENTATIONS = YES;
				CLANG_WARN_DIRECT_OBJC_ISA_USAGE = YES_ERROR;
				CLANG_WARN_DOCUMENTATION_COMMENTS = YES;
				CLANG_WARN_EMPTY_BODY = YES;
				CLANG_WARN_ENUM_CONVERSION = YES;
				CLANG_WARN_INFINITE_RECURSION = YES;
				CLANG_WARN_INT_CONVERSION = YES;
				CLANG_WARN_NON_LITERAL_NULL_CONVERSION = YES;
				CLANG_WARN_OBJC_IMPLICIT_RETAIN_SELF = YES;
				CLANG_WARN_OBJC_LITERAL_CONVERSION = YES;
				CLANG_WARN_OBJC_ROOT_CLASS = YES_ERROR;
				CLANG_WARN_QUOTED_INCLUDE_IN_FRAMEWORK_HEADER = YES;
				CLANG_WARN_RANGE_LOOP_ANALYSIS = YES;
				CLANG_WARN_STRICT_PROTOTYPES = YES;
				CLANG_WARN_SUSPICIOUS_MOVE = YES;
				CLANG_WARN_UNGUARDED_AVAILABILITY = YES_AGGRESSIVE;
				CLANG_WARN_UNREACHABLE_CODE = YES;
				CLANG_WARN__DUPLICATE_METHOD_MATCH = YES;
				COPY_PHASE_STRIP = NO;
				DEBUG_INFORMATION_FORMAT = "dwarf-with-dsym";
				ENABLE_NS_ASSERTIONS = NO;
				ENABLE_STRICT_OBJC_MSGSEND = YES;
				GCC_C_LANGUAGE_STANDARD = gnu11;
				GCC_NO_COMMON_BLOCKS = YES;
				GCC_WARN_64_TO_32_BIT_CONVERSION = YES;
				GCC_WARN_ABOUT_RETURN_TYPE = YES_ERROR;
				GCC_WARN_UNDECLARED_SELECTOR = YES;
				GCC_WARN_UNINITIALIZED_AUTOS = YES_AGGRESSIVE;
				GCC_WARN_UNUSED_FUNCTION = YES;
				GCC_WARN_UNUSED_VARIABLE = YES;
				MACOSX_DEPLOYMENT_TARGET = 12.2;
				MTL_ENABLE_DEBUG_INFO = NO;
				MTL_FAST_MATH = YES;
				SDKROOT = macosx;
			};
			name = Release;
		};
		A3EC94FE2854B4D800441296 /* Debug */ = {
			isa = XCBuildConfiguration;
			buildSettings = {
				CODE_SIGN_IDENTITY = "";
				CODE_SIGN_STYLE = Automatic;
				DEVELOPMENT_TEAM = 37HCJA3ABD;
				ENABLE_HARDENED_RUNTIME = YES;
				EXCLUDED_ARCHS = arm64;
				HEADER_SEARCH_PATHS = (
					/Users/umutercan/Desktop/OpenGLAirCinema/Dependency/include,
					/Users/umutercan/Desktop/OpenGLAirCinema/Dependency/external,
				);
				LIBRARY_SEARCH_PATHS = /Users/umutercan/Desktop/OpenGLAirCinema/Dependency/lib;
				PRODUCT_NAME = "$(TARGET_NAME)";
			};
			name = Debug;
		};
		A3EC94FF2854B4D800441296 /* Release */ = {
			isa = XCBuildConfiguration;
			buildSettings = {
				CODE_SIGN_IDENTITY = "";
				CODE_SIGN_STYLE = Automatic;
				DEVELOPMENT_TEAM = 37HCJA3ABD;
				ENABLE_HARDENED_RUNTIME = YES;
				EXCLUDED_ARCHS = arm64;
				HEADER_SEARCH_PATHS = (
					/Users/umutercan/Desktop/OpenGLAirCinema/Dependency/include,
					/Users/umutercan/Desktop/OpenGLAirCinema/Dependency/external,
				);
				LIBRARY_SEARCH_PATHS = /Users/umutercan/Desktop/OpenGLAirCinema/Dependency/lib;
				PRODUCT_NAME = "$(TARGET_NAME)";
			};
			name = Release;
		};
/* End XCBuildConfiguration section */

/* Begin XCConfigurationList section */
		A3EC94F12854B4D800441296 /* Build configuration list for PBXProject "OpenGLAirCinema" */ = {
			isa = XCConfigurationList;
			buildConfigurations = (
				A3EC94FB2854B4D800441296 /* Debug */,
				A3EC94FC2854B4D800441296 /* Release */,
			);
			defaultConfigurationIsVisible = 0;
			defaultConfigurationName = Release;
		};
		A3EC94FD2854B4D800441296 /* Build configuration list for PBXNativeTarget "OpenGLAirCinema" */ = {
			isa = XCConfigurationList;
			buildConfigurations = (
				A3EC94FE2854B4D800441296 /* Debug */,
				A3EC94FF2854B4D800441296 /* Release */,
			);
			defaultConfigurationIsVisible = 0;
			defaultConfigurationName = Release;
		};
/* End XCConfigurationList section */
	};
	rootObject = A3EC94EE2854B4D800441296 /* Project object */;
}
